
Microsoft Visual Studio Solution File, Format Version 12.00
# Visual Studio 15
VisualStudioVersion = 15.0.28010.2041
MinimumVisualStudioVersion = 10.0.40219.1
Project("{FAE04EC0-301F-11D3-BF4B-00C04F79EFBC}") = "WebSocketServer", "Simple_websocket_server\WebSocketServer.csproj", "{78EDEAE0-5EB7-443A-897B-9EA6A123CB1C}"
EndProject
Global
	GlobalSection(SolutionConfigurationPlatforms) = preSolution
		Debug|Any CPU = Debug|Any CPU
		Release|Any CPU = Release|Any CPU
	EndGlobalSection
	GlobalSection(ProjectConfigurationPlatforms) = postSolution
		{78EDEAE0-5EB7-443A-897B-9EA6A123CB1C}.Debug|Any CPU.ActiveCfg = Debug|Any CPU
		{78EDEAE0-5EB7-443A-897B-9EA6A123CB1C}.Debug|Any CPU.Build.0 = Debug|Any CPU
		{78EDEAE0-5EB7-443A-897B-9EA6A123CB1C}.Release|Any CPU.ActiveCfg = Release|Any CPU
		{78EDEAE0-5EB7-443A-897B-9EA6A123CB1C}.Release|Any CPU.Build.0 = Release|Any CPU
	EndGlobalSection
	GlobalSection(SolutionProperties) = preSolution
		HideSolutionNode = FALSE
	EndGlobalSection
	GlobalSection(ExtensibilityGlobals) = postSolution
		SolutionGuid = {0DFFD9BB-3F8A-4290-96C9-BE4B3663DFBF}
	EndGlobalSection
EndGlobal
